
Microsoft Visual Studio Solution File, Format Version 12.00
# Visual Studio Version 16
VisualStudioVersion = 16.0.29020.237
MinimumVisualStudioVersion = 10.0.40219.1
Project("{FAE04EC0-301F-11D3-BF4B-00C04F79EFBC}") = "POS_Sample", "POS_Sample\POS_Sample.csproj", "{80945C3C-147C-400B-BFB9-093F938FEFF4}"
EndProject
Global
	GlobalSection(SolutionConfigurationPlatforms) = preSolution
		Debug|Any CPU = Debug|Any CPU
		Release|Any CPU = Release|Any CPU
	EndGlobalSection
	GlobalSection(ProjectConfigurationPlatforms) = postSolution
		{80945C3C-147C-400B-BFB9-093F938FEFF4}.Debug|Any CPU.ActiveCfg = Debug|Any CPU
		{80945C3C-147C-400B-BFB9-093F938FEFF4}.Debug|Any CPU.Build.0 = Debug|Any CPU
		{80945C3C-147C-400B-BFB9-093F938FEFF4}.Release|Any CPU.ActiveCfg = Release|Any CPU
		{80945C3C-147C-400B-BFB9-093F938FEFF4}.Release|Any CPU.Build.0 = Release|Any CPU
	EndGlobalSection
	GlobalSection(SolutionProperties) = preSolution
		HideSolutionNode = FALSE
	EndGlobalSection
	GlobalSection(ExtensibilityGlobals) = postSolution
		SolutionGuid = {9F068DAC-BB21-45B9-8620-73F70CB787BE}
	EndGlobalSection
EndGlobal
